
Microsoft Visual Studio Solution File, Format Version 12.00
# Visual Studio Version 17
VisualStudioVersion = 17.1.32228.430
MinimumVisualStudioVersion = 10.0.40219.1
Project("{8BC9CEB8-8B4A-11D0-8D11-00A0C91BC942}") = "Q1", "Q1\Q1.vcxproj", "{2C41B60E-D97F-481F-AA51-BA249722F7ED}"
EndProject
Project("{8BC9CEB8-8B4A-11D0-8D11-00A0C91BC942}") = "Q2", "Q2\Q2.vcxproj", "{280FF56A-3E1E-4724-9AE6-F3F46E21CEBF}"
EndProject
Project("{8BC9CEB8-8B4A-11D0-8D11-00A0C91BC942}") = "Q3", "Q3\Q3.vcxproj", "{60D6DD9C-BDD3-4F96-AEA7-E120D041E837}"
EndProject
Project("{8BC9CEB8-8B4A-11D0-8D11-00A0C91BC942}") = "Q4", "Q4\Q4.vcxproj", "{A230C05B-100B-4C76-B76F-50302C229E33}"
EndProject
Project("{8BC9CEB8-8B4A-11D0-8D11-00A0C91BC942}") = "Q5", "Q5\Q5.vcxproj", "{1385A913-3072-4A9C-BADF-8560FF62709E}"
EndProject
Project("{8BC9CEB8-8B4A-11D0-8D11-00A0C91BC942}") = "Q6", "Q6\Q6.vcxproj", "{0F4F80F9-74DC-47A0-8772-837287BC880F}"
EndProject
Project("{8BC9CEB8-8B4A-11D0-8D11-00A0C91BC942}") = "Q7", "Q7\Q7.vcxproj", "{EB809C60-CC18-423D-AAA5-69546E512B4E}"
EndProject
Project("{8BC9CEB8-8B4A-11D0-8D11-00A0C91BC942}") = "Q8", "Q8\Q8.vcxproj", "{B345D520-38A0-4F0A-9C7D-E4B2D4B59FA1}"
EndProject
Project("{8BC9CEB8-8B4A-11D0-8D11-00A0C91BC942}") = "Q9", "Q9\Q9.vcxproj", "{F9D5678C-4FD6-4DF8-A72C-C826C04FD76A}"
EndProject
Project("{8BC9CEB8-8B4A-11D0-8D11-00A0C91BC942}") = "Q10", "Q10\Q10.vcxproj", "{E4EB9056-2E53-4763-85A7-CB44681A9F1F}"
EndProject
Project("{8BC9CEB8-8B4A-11D0-8D11-00A0C91BC942}") = "ConsoleApplication1", "ConsoleApplication1\ConsoleApplication1.vcxproj", "{CAAC51A7-D257-425D-8B18-5697AA579DC4}"
EndProject
Global
	GlobalSection(SolutionConfigurationPlatforms) = preSolution
		Debug|x64 = Debug|x64
		Debug|x86 = Debug|x86
		Release|x64 = Release|x64
		Release|x86 = Release|x86
	EndGlobalSection
	GlobalSection(ProjectConfigurationPlatforms) = postSolution
		{2C41B60E-D97F-481F-AA51-BA249722F7ED}.Debug|x64.ActiveCfg = Debug|x64
		{2C41B60E-D97F-481F-AA51-BA249722F7ED}.Debug|x64.Build.0 = Debug|x64
		{2C41B60E-D97F-481F-AA51-BA249722F7ED}.Debug|x86.ActiveCfg = Debug|Win32
		{2C41B60E-D97F-481F-AA51-BA249722F7ED}.Debug|x86.Build.0 = Debug|Win32
		{2C41B60E-D97F-481F-AA51-BA249722F7ED}.Release|x64.ActiveCfg = Release|x64
		{2C41B60E-D97F-481F-AA51-BA249722F7ED}.Release|x64.Build.0 = Release|x64
		{2C41B60E-D97F-481F-AA51-BA249722F7ED}.Release|x86.ActiveCfg = Release|Win32
		{2C41B60E-D97F-481F-AA51-BA249722F7ED}.Release|x86.Build.0 = Release|Win32
		{280FF56A-3E1E-4724-9AE6-F3F46E21CEBF}.Debug|x64.ActiveCfg = Debug|x64
		{280FF56A-3E1E-4724-9AE6-F3F46E21CEBF}.Debug|x64.Build.0 = Debug|x64
		{280FF56A-3E1E-4724-9AE6-F3F46E21CEBF}.Debug|x86.ActiveCfg = Debug|Win32
		{280FF56A-3E1E-4724-9AE6-F3F46E21CEBF}.Debug|x86.Build.0 = Debug|Win32
		{280FF56A-3E1E-4724-9AE6-F3F46E21CEBF}.Release|x64.ActiveCfg = Release|x64
		{280FF56A-3E1E-4724-9AE6-F3F46E21CEBF}.Release|x64.Build.0 = Release|x64
		{280FF56A-3E1E-4724-9AE6-F3F46E21CEBF}.Release|x86.ActiveCfg = Release|Win32
		{280FF56A-3E1E-4724-9AE6-F3F46E21CEBF}.Release|x86.Build.0 = Release|Win32
		{60D6DD9C-BDD3-4F96-AEA7-E120D041E837}.Debug|x64.ActiveCfg = Debug|x64
		{60D6DD9C-BDD3-4F96-AEA7-E120D041E837}.Debug|x64.Build.0 = Debug|x64
		{60D6DD9C-BDD3-4F96-AEA7-E120D041E837}.Debug|x86.ActiveCfg = Debug|Win32
		{60D6DD9C-BDD3-4F96-AEA7-E120D041E837}.Debug|x86.Build.0 = Debug|Win32
		{60D6DD9C-BDD3-4F96-AEA7-E120D041E837}.Release|x64.ActiveCfg = Release|x64
		{60D6DD9C-BDD3-4F96-AEA7-E120D041E837}.Release|x64.Build.0 = Release|x64
		{60D6DD9C-BDD3-4F96-AEA7-E120D041E837}.Release|x86.ActiveCfg = Release|Win32
		{60D6DD9C-BDD3-4F96-AEA7-E120D041E837}.Release|x86.Build.0 = Release|Win32
		{A230C05B-100B-4C76-B76F-50302C229E33}.Debug|x64.ActiveCfg = Debug|x64
		{A230C05B-100B-4C76-B76F-50302C229E33}.Debug|x64.Build.0 = Debug|x64
		{A230C05B-100B-4C76-B76F-50302C229E33}.Debug|x86.ActiveCfg = Debug|Win32
		{A230C05B-100B-4C76-B76F-50302C229E33}.Debug|x86.Build.0 = Debug|Win32
		{A230C05B-100B-4C76-B76F-50302C229E33}.Release|x64.ActiveCfg = Release|x64
		{A230C05B-100B-4C76-B76F-50302C229E33}.Release|x64.Build.0 = Release|x64
		{A230C05B-100B-4C76-B76F-50302C229E33}.Release|x86.ActiveCfg = Release|Win32
		{A230C05B-100B-4C76-B76F-50302C229E33}.Release|x86.Build.0 = Release|Win32
		{1385A913-3072-4A9C-BADF-8560FF62709E}.Debug|x64.ActiveCfg = Debug|x64
		{1385A913-3072-4A9C-BADF-8560FF62709E}.Debug|x64.Build.0 = Debug|x64
		{1385A913-3072-4A9C-BADF-8560FF62709E}.Debug|x86.ActiveCfg = Debug|Win32
		{1385A913-3072-4A9C-BADF-8560FF62709E}.Debug|x86.Build.0 = Debug|Win32
		{1385A913-3072-4A9C-BADF-8560FF62709E}.Release|x64.ActiveCfg = Release|x64
		{1385A913-3072-4A9C-BADF-8560FF62709E}.Release|x64.Build.0 = Release|x64
		{1385A913-3072-4A9C-BADF-8560FF62709E}.Release|x86.ActiveCfg = Release|Win32
		{1385A913-3072-4A9C-BADF-8560FF62709E}.Release|x86.Build.0 = Release|Win32
		{0F4F80F9-74DC-47A0-8772-837287BC880F}.Debug|x64.ActiveCfg = Debug|x64
		{0F4F80F9-74DC-47A0-8772-837287BC880F}.Debug|x64.Build.0 = Debug|x64
		{0F4F80F9-74DC-47A0-8772-837287BC880F}.Debug|x86.ActiveCfg = Debug|Win32
		{0F4F80F9-74DC-47A0-8772-837287BC880F}.Debug|x86.Build.0 = Debug|Win32
		{0F4F80F9-74DC-47A0-8772-837287BC880F}.Release|x64.ActiveCfg = Release|x64
		{0F4F80F9-74DC-47A0-8772-837287BC880F}.Release|x64.Build.0 = Release|x64
		{0F4F80F9-74DC-47A0-8772-837287BC880F}.Release|x86.ActiveCfg = Release|Win32
		{0F4F80F9-74DC-47A0-8772-837287BC880F}.Release|x86.Build.0 = Release|Win32
		{EB809C60-CC18-423D-AAA5-69546E512B4E}.Debug|x64.ActiveCfg = Debug|x64
		{EB809C60-CC18-423D-AAA5-69546E512B4E}.Debug|x64.Build.0 = Debug|x64
		{EB809C60-CC18-423D-AAA5-69546E512B4E}.Debug|x86.ActiveCfg = Debug|Win32
		{EB809C60-CC18-423D-AAA5-69546E512B4E}.Debug|x86.Build.0 = Debug|Win32
		{EB809C60-CC18-423D-AAA5-69546E512B4E}.Release|x64.ActiveCfg = Release|x64
		{EB809C60-CC18-423D-AAA5-69546E512B4E}.Release|x64.Build.0 = Release|x64
		{EB809C60-CC18-423D-AAA5-69546E512B4E}.Release|x86.ActiveCfg = Release|Win32
		{EB809C60-CC18-423D-AAA5-69546E512B4E}.Release|x86.Build.0 = Release|Win32
		{B345D520-38A0-4F0A-9C7D-E4B2D4B59FA1}.Debug|x64.ActiveCfg = Debug|x64
		{B345D520-38A0-4F0A-9C7D-E4B2D4B59FA1}.Debug|x64.Build.0 = Debug|x64
		{B345D520-38A0-4F0A-9C7D-E4B2D4B59FA1}.Debug|x86.ActiveCfg = Debug|Win32
		{B345D520-38A0-4F0A-9C7D-E4B2D4B59FA1}.Debug|x86.Build.0 = Debug|Win32
		{B345D520-38A0-4F0A-9C7D-E4B2D4B59FA1}.Release|x64.ActiveCfg = Release|x64
		{B345D520-38A0-4F0A-9C7D-E4B2D4B59FA1}.Release|x64.Build.0 = Release|x64
		{B345D520-38A0-4F0A-9C7D-E4B2D4B59FA1}.Release|x86.ActiveCfg = Release|Win32
		{B345D520-38A0-4F0A-9C7D-E4B2D4B59FA1}.Release|x86.Build.0 = Release|Win32
		{F9D5678C-4FD6-4DF8-A72C-C826C04FD76A}.Debug|x64.ActiveCfg = Debug|x64
		{F9D5678C-4FD6-4DF8-A72C-C826C04FD76A}.Debug|x64.Build.0 = Debug|x64
		{F9D5678C-4FD6-4DF8-A72C-C826C04FD76A}.Debug|x86.ActiveCfg = Debug|Win32
		{F9D5678C-4FD6-4DF8-A72C-C826C04FD76A}.Debug|x86.Build.0 = Debug|Win32
		{F9D5678C-4FD6-4DF8-A72C-C826C04FD76A}.Release|x64.ActiveCfg = Release|x64
		{F9D5678C-4FD6-4DF8-A72C-C826C04FD76A}.Release|x64.Build.0 = Release|x64
		{F9D5678C-4FD6-4DF8-A72C-C826C04FD76A}.Release|x86.ActiveCfg = Release|Win32
		{F9D5678C-4FD6-4DF8-A72C-C826C04FD76A}.Release|x86.Build.0 = Release|Win32
		{E4EB9056-2E53-4763-85A7-CB44681A9F1F}.Debug|x64.ActiveCfg = Debug|x64
		{E4EB9056-2E53-4763-85A7-CB44681A9F1F}.Debug|x64.Build.0 = Debug|x64
		{E4EB9056-2E53-4763-85A7-CB44681A9F1F}.Debug|x86.ActiveCfg = Debug|Win32
		{E4EB9056-2E53-4763-85A7-CB44681A9F1F}.Debug|x86.Build.0 = Debug|Win32
		{E4EB9056-2E53-4763-85A7-CB44681A9F1F}.Release|x64.ActiveCfg = Release|x64
		{E4EB9056-2E53-4763-85A7-CB44681A9F1F}.Release|x64.Build.0 = Release|x64
		{E4EB9056-2E53-4763-85A7-CB44681A9F1F}.Release|x86.ActiveCfg = Release|Win32
		{E4EB9056-2E53-4763-85A7-CB44681A9F1F}.Release|x86.Build.0 = Release|Win32
		{CAAC51A7-D257-425D-8B18-5697AA579DC4}.Debug|x64.ActiveCfg = Debug|x64
		{CAAC51A7-D257-425D-8B18-5697AA579DC4}.Debug|x64.Build.0 = Debug|x64
		{CAAC51A7-D257-425D-8B18-5697AA579DC4}.Debug|x86.ActiveCfg = Debug|Win32
		{CAAC51A7-D257-425D-8B18-5697AA579DC4}.Debug|x86.Build.0 = Debug|Win32
		{CAAC51A7-D257-425D-8B18-5697AA579DC4}.Release|x64.ActiveCfg = Release|x64
		{CAAC51A7-D257-425D-8B18-5697AA579DC4}.Release|x64.Build.0 = Release|x64
		{CAAC51A7-D257-425D-8B18-5697AA579DC4}.Release|x86.ActiveCfg = Release|Win32
		{CAAC51A7-D257-425D-8B18-5697AA579DC4}.Release|x86.Build.0 = Release|Win32
	EndGlobalSection
	GlobalSection(SolutionProperties) = preSolution
		HideSolutionNode = FALSE
	EndGlobalSection
	GlobalSection(ExtensibilityGlobals) = postSolution
		SolutionGuid = {3D553D07-155A-4306-8913-45A9FBDDE439}
	EndGlobalSection
EndGlobal
